
Microsoft Visual Studio Solution File, Format Version 12.00
# Visual Studio 15
VisualStudioVersion = 15.0.26730.12
MinimumVisualStudioVersion = 10.0.40219.1
Project("{FAE04EC0-301F-11D3-BF4B-00C04F79EFBC}") = "Shipwreck.GithubClient", "Shipwreck.GithubClient\Shipwreck.GithubClient.csproj", "{2215993E-A043-4967-BF0A-FC6E7404258F}"
EndProject
Global
	GlobalSection(SolutionConfigurationPlatforms) = preSolution
		Debug|Any CPU = Debug|Any CPU
		Release|Any CPU = Release|Any CPU
	EndGlobalSection
	GlobalSection(ProjectConfigurationPlatforms) = postSolution
		{2215993E-A043-4967-BF0A-FC6E7404258F}.Debug|Any CPU.ActiveCfg = Debug|Any CPU
		{2215993E-A043-4967-BF0A-FC6E7404258F}.Debug|Any CPU.Build.0 = Debug|Any CPU
		{2215993E-A043-4967-BF0A-FC6E7404258F}.Release|Any CPU.ActiveCfg = Release|Any CPU
		{2215993E-A043-4967-BF0A-FC6E7404258F}.Release|Any CPU.Build.0 = Release|Any CPU
	EndGlobalSection
	GlobalSection(SolutionProperties) = preSolution
		HideSolutionNode = FALSE
	EndGlobalSection
	GlobalSection(ExtensibilityGlobals) = postSolution
		SolutionGuid = {44C21971-BA20-4F4D-9ADB-103EB6298A49}
	EndGlobalSection
EndGlobal
